
Microsoft Visual Studio Solution File, Format Version 12.00
# Visual Studio Version 17
VisualStudioVersion = 17.7.34031.279
MinimumVisualStudioVersion = 10.0.40219.1
Project("{8BC9CEB8-8B4A-11D0-8D11-00A0C91BC942}") = "laba 9.2 A", "laba 9.2 A\laba 9.2 A.vcxproj", "{2471F7AA-969C-4073-80F4-9E2F3BBFE9EA}"
EndProject
Project("{8BC9CEB8-8B4A-11D0-8D11-00A0C91BC942}") = "lab 9.2  A", "lab 9.2  A\lab 9.2  A.vcxproj", "{49F5DB49-BD91-4983-9E83-F27B117D0B70}"
EndProject
Global
	GlobalSection(SolutionConfigurationPlatforms) = preSolution
		Debug|x64 = Debug|x64
		Debug|x86 = Debug|x86
		Release|x64 = Release|x64
		Release|x86 = Release|x86
	EndGlobalSection
	GlobalSection(ProjectConfigurationPlatforms) = postSolution
		{2471F7AA-969C-4073-80F4-9E2F3BBFE9EA}.Debug|x64.ActiveCfg = Debug|x64
		{2471F7AA-969C-4073-80F4-9E2F3BBFE9EA}.Debug|x64.Build.0 = Debug|x64
		{2471F7AA-969C-4073-80F4-9E2F3BBFE9EA}.Debug|x86.ActiveCfg = Debug|Win32
		{2471F7AA-969C-4073-80F4-9E2F3BBFE9EA}.Debug|x86.Build.0 = Debug|Win32
		{2471F7AA-969C-4073-80F4-9E2F3BBFE9EA}.Release|x64.ActiveCfg = Release|x64
		{2471F7AA-969C-4073-80F4-9E2F3BBFE9EA}.Release|x64.Build.0 = Release|x64
		{2471F7AA-969C-4073-80F4-9E2F3BBFE9EA}.Release|x86.ActiveCfg = Release|Win32
		{2471F7AA-969C-4073-80F4-9E2F3BBFE9EA}.Release|x86.Build.0 = Release|Win32
		{49F5DB49-BD91-4983-9E83-F27B117D0B70}.Debug|x64.ActiveCfg = Debug|x64
		{49F5DB49-BD91-4983-9E83-F27B117D0B70}.Debug|x64.Build.0 = Debug|x64
		{49F5DB49-BD91-4983-9E83-F27B117D0B70}.Debug|x86.ActiveCfg = Debug|Win32
		{49F5DB49-BD91-4983-9E83-F27B117D0B70}.Debug|x86.Build.0 = Debug|Win32
		{49F5DB49-BD91-4983-9E83-F27B117D0B70}.Release|x64.ActiveCfg = Release|x64
		{49F5DB49-BD91-4983-9E83-F27B117D0B70}.Release|x64.Build.0 = Release|x64
		{49F5DB49-BD91-4983-9E83-F27B117D0B70}.Release|x86.ActiveCfg = Release|Win32
		{49F5DB49-BD91-4983-9E83-F27B117D0B70}.Release|x86.Build.0 = Release|Win32
	EndGlobalSection
	GlobalSection(SolutionProperties) = preSolution
		HideSolutionNode = FALSE
	EndGlobalSection
	GlobalSection(ExtensibilityGlobals) = postSolution
		SolutionGuid = {63EDD337-309C-40B6-BE7C-FB1486C7A753}
	EndGlobalSection
EndGlobal
